
Microsoft Visual Studio Solution File, Format Version 12.00
# Visual Studio Version 17
VisualStudioVersion = 17.4.33122.133
MinimumVisualStudioVersion = 10.0.40219.1
Project("{FAE04EC0-301F-11D3-BF4B-00C04F79EFBC}") = "ProjetoM17E", "ProjetoM17E\ProjetoM17E.csproj", "{204FC81E-1873-47B0-84D2-8842ECD9F40D}"
EndProject
Global
	GlobalSection(SolutionConfigurationPlatforms) = preSolution
		Debug|Any CPU = Debug|Any CPU
		Release|Any CPU = Release|Any CPU
	EndGlobalSection
	GlobalSection(ProjectConfigurationPlatforms) = postSolution
		{204FC81E-1873-47B0-84D2-8842ECD9F40D}.Debug|Any CPU.ActiveCfg = Debug|Any CPU
		{204FC81E-1873-47B0-84D2-8842ECD9F40D}.Debug|Any CPU.Build.0 = Debug|Any CPU
		{204FC81E-1873-47B0-84D2-8842ECD9F40D}.Release|Any CPU.ActiveCfg = Release|Any CPU
		{204FC81E-1873-47B0-84D2-8842ECD9F40D}.Release|Any CPU.Build.0 = Release|Any CPU
	EndGlobalSection
	GlobalSection(SolutionProperties) = preSolution
		HideSolutionNode = FALSE
	EndGlobalSection
	GlobalSection(ExtensibilityGlobals) = postSolution
		SolutionGuid = {BCD1325A-1C06-4B29-8279-40170A2E6720}
	EndGlobalSection
EndGlobal
